
Microsoft Visual Studio Solution File, Format Version 12.00
# Visual Studio Version 16
VisualStudioVersion = 16.0.31729.503
MinimumVisualStudioVersion = 10.0.40219.1
Project("{FAE04EC0-301F-11D3-BF4B-00C04F79EFBC}") = "PTC1002", "PTC1002\PTC1002.csproj", "{7F3DCD29-725E-464E-9744-FB6195C93730}"
EndProject
Global
	GlobalSection(SolutionConfigurationPlatforms) = preSolution
		Debug|Any CPU = Debug|Any CPU
		Release|Any CPU = Release|Any CPU
	EndGlobalSection
	GlobalSection(ProjectConfigurationPlatforms) = postSolution
		{7F3DCD29-725E-464E-9744-FB6195C93730}.Debug|Any CPU.ActiveCfg = Debug|Any CPU
		{7F3DCD29-725E-464E-9744-FB6195C93730}.Debug|Any CPU.Build.0 = Debug|Any CPU
		{7F3DCD29-725E-464E-9744-FB6195C93730}.Release|Any CPU.ActiveCfg = Release|Any CPU
		{7F3DCD29-725E-464E-9744-FB6195C93730}.Release|Any CPU.Build.0 = Release|Any CPU
	EndGlobalSection
	GlobalSection(SolutionProperties) = preSolution
		HideSolutionNode = FALSE
	EndGlobalSection
	GlobalSection(ExtensibilityGlobals) = postSolution
		SolutionGuid = {AF192415-5C86-4C18-8C51-B7081834763A}
	EndGlobalSection
EndGlobal
